// !$*UTF8*$!
{
	archiveVersion = 1;
	classes = {
	};
	objectVersion = 46;
	objects = {

/* Begin PBXBuildFile section */
		C733B61D1C58BD2500B7DC04 /* NumSwift.h in Headers */ = {isa = PBXBuildFile; fileRef = C733B61C1C58BD2500B7DC04 /* NumSwift.h */; settings = {ATTRIBUTES = (Public, ); }; };
		C7B04C561CACDE940072823F /* Convolution.swift in Sources */ = {isa = PBXBuildFile; fileRef = C7B04C451CACDE940072823F /* Convolution.swift */; };
		C7B04C571CACDE940072823F /* Exponential.swift in Sources */ = {isa = PBXBuildFile; fileRef = C7B04C461CACDE940072823F /* Exponential.swift */; };
		C7B04C581CACDE940072823F /* FFT.swift in Sources */ = {isa = PBXBuildFile; fileRef = C7B04C471CACDE940072823F /* FFT.swift */; };
		C7B04C5C1CACDE940072823F /* Power.swift in Sources */ = {isa = PBXBuildFile; fileRef = C7B04C4C1CACDE940072823F /* Power.swift */; };
		C7B04C5D1CACDE940072823F /* Hilbert.swift in Sources */ = {isa = PBXBuildFile; fileRef = C7B04C4E1CACDE940072823F /* Hilbert.swift */; };
		C7B04C5E1CACDE940072823F /* Sort.swift in Sources */ = {isa = PBXBuildFile; fileRef = C7B04C4F1CACDE940072823F /* Sort.swift */; };
		C7B04C5F1CACDE940072823F /* Trigonometry.swift in Sources */ = {isa = PBXBuildFile; fileRef = C7B04C501CACDE940072823F /* Trigonometry.swift */; };
		C7B04C601CACDE940072823F /* ComplexType.swift in Sources */ = {isa = PBXBuildFile; fileRef = C7B04C521CACDE940072823F /* ComplexType.swift */; };
		C7B04C611CACDE940072823F /* MatrixType.swift in Sources */ = {isa = PBXBuildFile; fileRef = C7B04C531CACDE940072823F /* MatrixType.swift */; };
		C7B04C621CACDE940072823F /* Field.swift in Sources */ = {isa = PBXBuildFile; fileRef = C7B04C541CACDE940072823F /* Field.swift */; };
		C7B04C631CACDE940072823F /* Utilities.swift in Sources */ = {isa = PBXBuildFile; fileRef = C7B04C551CACDE940072823F /* Utilities.swift */; };
		C7B04C751CAD1EAD0072823F /* MatrixArithmetics.swift in Sources */ = {isa = PBXBuildFile; fileRef = C7B04C721CAD1EAD0072823F /* MatrixArithmetics.swift */; };
		C7B04C761CAD1EAD0072823F /* MatrixErrorType.swift in Sources */ = {isa = PBXBuildFile; fileRef = C7B04C731CAD1EAD0072823F /* MatrixErrorType.swift */; };
		C7B04C771CAD1EAD0072823F /* MatrixUtils.swift in Sources */ = {isa = PBXBuildFile; fileRef = C7B04C741CAD1EAD0072823F /* MatrixUtils.swift */; };
		C7B04C811CAD3F090072823F /* MatrixTests.swift in Sources */ = {isa = PBXBuildFile; fileRef = C7B04C801CAD3F090072823F /* MatrixTests.swift */; };
		C7B04C831CAD3F090072823F /* NumSwift.framework in Frameworks */ = {isa = PBXBuildFile; fileRef = C733B6191C58BD2500B7DC04 /* NumSwift.framework */; };
		C7F36B1F1CAD7656006B8F9E /* LICENSE in Resources */ = {isa = PBXBuildFile; fileRef = C7F36B1E1CAD7656006B8F9E /* LICENSE */; };
/* End PBXBuildFile section */

/* Begin PBXContainerItemProxy section */
		C7B04C841CAD3F090072823F /* PBXContainerItemProxy */ = {
			isa = PBXContainerItemProxy;
			containerPortal = C733B6101C58BD2500B7DC04 /* Project object */;
			proxyType = 1;
			remoteGlobalIDString = C733B6181C58BD2500B7DC04;
			remoteInfo = NumSwift;
		};
/* End PBXContainerItemProxy section */

/* Begin PBXFileReference section */
		C733B6191C58BD2500B7DC04 /* NumSwift.framework */ = {isa = PBXFileReference; explicitFileType = wrapper.framework; includeInIndex = 0; path = NumSwift.framework; sourceTree = BUILT_PRODUCTS_DIR; };
		C733B61C1C58BD2500B7DC04 /* NumSwift.h */ = {isa = PBXFileReference; lastKnownFileType = sourcecode.c.h; path = NumSwift.h; sourceTree = "<group>"; };
		C733B61E1C58BD2500B7DC04 /* Info.plist */ = {isa = PBXFileReference; lastKnownFileType = text.plist.xml; path = Info.plist; sourceTree = "<group>"; };
		C7B04C451CACDE940072823F /* Convolution.swift */ = {isa = PBXFileReference; fileEncoding = 4; lastKnownFileType = sourcecode.swift; path = Convolution.swift; sourceTree = "<group>"; };
		C7B04C461CACDE940072823F /* Exponential.swift */ = {isa = PBXFileReference; fileEncoding = 4; lastKnownFileType = sourcecode.swift; path = Exponential.swift; sourceTree = "<group>"; };
		C7B04C471CACDE940072823F /* FFT.swift */ = {isa = PBXFileReference; fileEncoding = 4; lastKnownFileType = sourcecode.swift; path = FFT.swift; sourceTree = "<group>"; };
		C7B04C4C1CACDE940072823F /* Power.swift */ = {isa = PBXFileReference; fileEncoding = 4; lastKnownFileType = sourcecode.swift; path = Power.swift; sourceTree = "<group>"; };
		C7B04C4E1CACDE940072823F /* Hilbert.swift */ = {isa = PBXFileReference; fileEncoding = 4; lastKnownFileType = sourcecode.swift; path = Hilbert.swift; sourceTree = "<group>"; };
		C7B04C4F1CACDE940072823F /* Sort.swift */ = {isa = PBXFileReference; fileEncoding = 4; lastKnownFileType = sourcecode.swift; path = Sort.swift; sourceTree = "<group>"; };
		C7B04C501CACDE940072823F /* Trigonometry.swift */ = {isa = PBXFileReference; fileEncoding = 4; lastKnownFileType = sourcecode.swift; path = Trigonometry.swift; sourceTree = "<group>"; };
		C7B04C521CACDE940072823F /* ComplexType.swift */ = {isa = PBXFileReference; fileEncoding = 4; lastKnownFileType = sourcecode.swift; path = ComplexType.swift; sourceTree = "<group>"; };
		C7B04C531CACDE940072823F /* MatrixType.swift */ = {isa = PBXFileReference; fileEncoding = 4; lastKnownFileType = sourcecode.swift; path = MatrixType.swift; sourceTree = "<group>"; };
		C7B04C541CACDE940072823F /* Field.swift */ = {isa = PBXFileReference; fileEncoding = 4; lastKnownFileType = sourcecode.swift; path = Field.swift; sourceTree = "<group>"; };
		C7B04C551CACDE940072823F /* Utilities.swift */ = {isa = PBXFileReference; fileEncoding = 4; lastKnownFileType = sourcecode.swift; path = Utilities.swift; sourceTree = "<group>"; };
		C7B04C721CAD1EAD0072823F /* MatrixArithmetics.swift */ = {isa = PBXFileReference; fileEncoding = 4; lastKnownFileType = sourcecode.swift; path = MatrixArithmetics.swift; sourceTree = "<group>"; };
		C7B04C731CAD1EAD0072823F /* MatrixErrorType.swift */ = {isa = PBXFileReference; fileEncoding = 4; lastKnownFileType = sourcecode.swift; path = MatrixErrorType.swift; sourceTree = "<group>"; };
		C7B04C741CAD1EAD0072823F /* MatrixUtils.swift */ = {isa = PBXFileReference; fileEncoding = 4; lastKnownFileType = sourcecode.swift; path = MatrixUtils.swift; sourceTree = "<group>"; };
		C7B04C7E1CAD3F080072823F /* iOSNumSwiftTests.xctest */ = {isa = PBXFileReference; explicitFileType = wrapper.cfbundle; includeInIndex = 0; path = iOSNumSwiftTests.xctest; sourceTree = BUILT_PRODUCTS_DIR; };
		C7B04C801CAD3F090072823F /* MatrixTests.swift */ = {isa = PBXFileReference; lastKnownFileType = sourcecode.swift; path = MatrixTests.swift; sourceTree = "<group>"; };
		C7B04C821CAD3F090072823F /* Info.plist */ = {isa = PBXFileReference; lastKnownFileType = text.plist.xml; path = Info.plist; sourceTree = "<group>"; };
		C7F36B1E1CAD7656006B8F9E /* LICENSE */ = {isa = PBXFileReference; fileEncoding = 4; lastKnownFileType = text; path = LICENSE; sourceTree = "<group>"; };
/* End PBXFileReference section */

/* Begin PBXFrameworksBuildPhase section */
		C733B6151C58BD2500B7DC04 /* Frameworks */ = {
			isa = PBXFrameworksBuildPhase;
			buildActionMask = 2147483647;
			files = (
			);
			runOnlyForDeploymentPostprocessing = 0;
		};
		C7B04C7B1CAD3F080072823F /* Frameworks */ = {
			isa = PBXFrameworksBuildPhase;
			buildActionMask = 2147483647;
			files = (
				C7B04C831CAD3F090072823F /* NumSwift.framework in Frameworks */,
			);
			runOnlyForDeploymentPostprocessing = 0;
		};
/* End PBXFrameworksBuildPhase section */

/* Begin PBXGroup section */
		C733B60F1C58BD2500B7DC04 = {
			isa = PBXGroup;
			children = (
				C7F36B1E1CAD7656006B8F9E /* LICENSE */,
				C7B04C441CACDE940072823F /* Source */,
				C733B61B1C58BD2500B7DC04 /* NumSwift */,
				C7B04C7F1CAD3F090072823F /* iOSNumSwiftTests */,
				C733B61A1C58BD2500B7DC04 /* Products */,
			);
			sourceTree = "<group>";
		};
		C733B61A1C58BD2500B7DC04 /* Products */ = {
			isa = PBXGroup;
			children = (
				C733B6191C58BD2500B7DC04 /* NumSwift.framework */,
				C7B04C7E1CAD3F080072823F /* iOSNumSwiftTests.xctest */,
			);
			name = Products;
			sourceTree = "<group>";
		};
		C733B61B1C58BD2500B7DC04 /* NumSwift */ = {
			isa = PBXGroup;
			children = (
				C733B61C1C58BD2500B7DC04 /* NumSwift.h */,
				C733B61E1C58BD2500B7DC04 /* Info.plist */,
			);
			path = NumSwift;
			sourceTree = "<group>";
		};
		C7B04C441CACDE940072823F /* Source */ = {
			isa = PBXGroup;
			children = (
				C7B04C711CAD1EAD0072823F /* Arithmetics */,
				C7B04C4D1CACDE940072823F /* Signal */,
				C7B04C511CACDE940072823F /* TypeSystem */,
				C7B04C451CACDE940072823F /* Convolution.swift */,
				C7B04C461CACDE940072823F /* Exponential.swift */,
				C7B04C471CACDE940072823F /* FFT.swift */,
				C7B04C4C1CACDE940072823F /* Power.swift */,
				C7B04C4F1CACDE940072823F /* Sort.swift */,
				C7B04C501CACDE940072823F /* Trigonometry.swift */,
				C7B04C551CACDE940072823F /* Utilities.swift */,
			);
			path = Source;
			sourceTree = "<group>";
		};
		C7B04C4D1CACDE940072823F /* Signal */ = {
			isa = PBXGroup;
			children = (
				C7B04C4E1CACDE940072823F /* Hilbert.swift */,
			);
			path = Signal;
			sourceTree = "<group>";
		};
		C7B04C511CACDE940072823F /* TypeSystem */ = {
			isa = PBXGroup;
			children = (
				C7B04C521CACDE940072823F /* ComplexType.swift */,
				C7B04C531CACDE940072823F /* MatrixType.swift */,
				C7B04C541CACDE940072823F /* Field.swift */,
			);
			path = TypeSystem;
			sourceTree = "<group>";
		};
		C7B04C711CAD1EAD0072823F /* Arithmetics */ = {
			isa = PBXGroup;
			children = (
				C7B04C721CAD1EAD0072823F /* MatrixArithmetics.swift */,
				C7B04C731CAD1EAD0072823F /* MatrixErrorType.swift */,
				C7B04C741CAD1EAD0072823F /* MatrixUtils.swift */,
			);
			path = Arithmetics;
			sourceTree = "<group>";
		};
		C7B04C7F1CAD3F090072823F /* iOSNumSwiftTests */ = {
			isa = PBXGroup;
			children = (
				C7B04C801CAD3F090072823F /* MatrixTests.swift */,
				C7B04C821CAD3F090072823F /* Info.plist */,
			);
			path = iOSNumSwiftTests;
			sourceTree = "<group>";
		};
/* End PBXGroup section */

/* Begin PBXHeadersBuildPhase section */
		C733B6161C58BD2500B7DC04 /* Headers */ = {
			isa = PBXHeadersBuildPhase;
			buildActionMask = 2147483647;
			files = (
				C733B61D1C58BD2500B7DC04 /* NumSwift.h in Headers */,
			);
			runOnlyForDeploymentPostprocessing = 0;
		};
/* End PBXHeadersBuildPhase section */

/* Begin PBXNativeTarget section */
		C733B6181C58BD2500B7DC04 /* NumSwift */ = {
			isa = PBXNativeTarget;
			buildConfigurationList = C733B6211C58BD2500B7DC04 /* Build configuration list for PBXNativeTarget "NumSwift" */;
			buildPhases = (
				C733B6141C58BD2500B7DC04 /* Sources */,
				C733B6151C58BD2500B7DC04 /* Frameworks */,
				C733B6161C58BD2500B7DC04 /* Headers */,
				C733B6171C58BD2500B7DC04 /* Resources */,
				C733B6771C58BFCB00B7DC04 /* ShellScript */,
			);
			buildRules = (
			);
			dependencies = (
			);
			name = NumSwift;
			productName = NumSwift;
			productReference = C733B6191C58BD2500B7DC04 /* NumSwift.framework */;
			productType = "com.apple.product-type.framework";
		};
		C7B04C7D1CAD3F080072823F /* iOSNumSwiftTests */ = {
			isa = PBXNativeTarget;
			buildConfigurationList = C7B04C861CAD3F090072823F /* Build configuration list for PBXNativeTarget "iOSNumSwiftTests" */;
			buildPhases = (
				C7B04C7A1CAD3F080072823F /* Sources */,
				C7B04C7B1CAD3F080072823F /* Frameworks */,
				C7B04C7C1CAD3F080072823F /* Resources */,
			);
			buildRules = (
			);
			dependencies = (
				C7B04C851CAD3F090072823F /* PBXTargetDependency */,
			);
			name = iOSNumSwiftTests;
			productName = iOSNumSwiftTests;
			productReference = C7B04C7E1CAD3F080072823F /* iOSNumSwiftTests.xctest */;
			productType = "com.apple.product-type.bundle.unit-test";
		};
/* End PBXNativeTarget section */

/* Begin PBXProject section */
		C733B6101C58BD2500B7DC04 /* Project object */ = {
			isa = PBXProject;
			attributes = {
				LastSwiftUpdateCheck = 0730;
				LastUpgradeCheck = 0720;
				ORGANIZATIONNAME = co.spe3d;
				TargetAttributes = {
					C733B6181C58BD2500B7DC04 = {
						CreatedOnToolsVersion = 7.2;
					};
					C7B04C7D1CAD3F080072823F = {
						CreatedOnToolsVersion = 7.3;
					};
				};
			};
			buildConfigurationList = C733B6131C58BD2500B7DC04 /* Build configuration list for PBXProject "NumSwift" */;
			compatibilityVersion = "Xcode 3.2";
			developmentRegion = English;
			hasScannedForEncodings = 0;
			knownRegions = (
				en,
			);
			mainGroup = C733B60F1C58BD2500B7DC04;
			productRefGroup = C733B61A1C58BD2500B7DC04 /* Products */;
			projectDirPath = "";
			projectRoot = "";
			targets = (
				C733B6181C58BD2500B7DC04 /* NumSwift */,
				C7B04C7D1CAD3F080072823F /* iOSNumSwiftTests */,
			);
		};
/* End PBXProject section */

/* Begin PBXResourcesBuildPhase section */
		C733B6171C58BD2500B7DC04 /* Resources */ = {
			isa = PBXResourcesBuildPhase;
			buildActionMask = 2147483647;
			files = (
				C7F36B1F1CAD7656006B8F9E /* LICENSE in Resources */,
			);
			runOnlyForDeploymentPostprocessing = 0;
		};
		C7B04C7C1CAD3F080072823F /* Resources */ = {
			isa = PBXResourcesBuildPhase;
			buildActionMask = 2147483647;
			files = (
			);
			runOnlyForDeploymentPostprocessing = 0;
		};
/* End PBXResourcesBuildPhase section */

/* Begin PBXShellScriptBuildPhase section */
		C733B6771C58BFCB00B7DC04 /* ShellScript */ = {
			isa = PBXShellScriptBuildPhase;
			buildActionMask = 2147483647;
			files = (
			);
			inputPaths = (
				"",
			);
			outputPaths = (
			);
			runOnlyForDeploymentPostprocessing = 0;
			shellPath = /bin/bash;
			shellScript = "cp -R $BUILT_PRODUCTS_DIR/NumSwift.framework $SOURCE_ROOT";
		};
/* End PBXShellScriptBuildPhase section */

/* Begin PBXSourcesBuildPhase section */
		C733B6141C58BD2500B7DC04 /* Sources */ = {
			isa = PBXSourcesBuildPhase;
			buildActionMask = 2147483647;
			files = (
				C7B04C751CAD1EAD0072823F /* MatrixArithmetics.swift in Sources */,
				C7B04C5F1CACDE940072823F /* Trigonometry.swift in Sources */,
				C7B04C611CACDE940072823F /* MatrixType.swift in Sources */,
				C7B04C631CACDE940072823F /* Utilities.swift in Sources */,
				C7B04C771CAD1EAD0072823F /* MatrixUtils.swift in Sources */,
				C7B04C561CACDE940072823F /* Convolution.swift in Sources */,
				C7B04C5E1CACDE940072823F /* Sort.swift in Sources */,
				C7B04C5D1CACDE940072823F /* Hilbert.swift in Sources */,
				C7B04C571CACDE940072823F /* Exponential.swift in Sources */,
				C7B04C621CACDE940072823F /* Field.swift in Sources */,
				C7B04C601CACDE940072823F /* ComplexType.swift in Sources */,
				C7B04C5C1CACDE940072823F /* Power.swift in Sources */,
				C7B04C761CAD1EAD0072823F /* MatrixErrorType.swift in Sources */,
				C7B04C581CACDE940072823F /* FFT.swift in Sources */,
			);
			runOnlyForDeploymentPostprocessing = 0;
		};
		C7B04C7A1CAD3F080072823F /* Sources */ = {
			isa = PBXSourcesBuildPhase;
			buildActionMask = 2147483647;
			files = (
				C7B04C811CAD3F090072823F /* MatrixTests.swift in Sources */,
			);
			runOnlyForDeploymentPostprocessing = 0;
		};
/* End PBXSourcesBuildPhase section */

/* Begin PBXTargetDependency section */
		C7B04C851CAD3F090072823F /* PBXTargetDependency */ = {
			isa = PBXTargetDependency;
			target = C733B6181C58BD2500B7DC04 /* NumSwift */;
			targetProxy = C7B04C841CAD3F090072823F /* PBXContainerItemProxy */;
		};
/* End PBXTargetDependency section */

/* Begin XCBuildConfiguration section */
		C733B61F1C58BD2500B7DC04 /* Debug */ = {
			isa = XCBuildConfiguration;
			buildSettings = {
				ALWAYS_SEARCH_USER_PATHS = NO;
				CLANG_CXX_LANGUAGE_STANDARD = "gnu++0x";
				CLANG_CXX_LIBRARY = "libc++";
				CLANG_ENABLE_MODULES = YES;
				CLANG_ENABLE_OBJC_ARC = YES;
				CLANG_WARN_BOOL_CONVERSION = YES;
				CLANG_WARN_CONSTANT_CONVERSION = YES;
				CLANG_WARN_DIRECT_OBJC_ISA_USAGE = YES_ERROR;
				CLANG_WARN_EMPTY_BODY = YES;
				CLANG_WARN_ENUM_CONVERSION = YES;
				CLANG_WARN_INT_CONVERSION = YES;
				CLANG_WARN_OBJC_ROOT_CLASS = YES_ERROR;
				CLANG_WARN_UNREACHABLE_CODE = YES;
				CLANG_WARN__DUPLICATE_METHOD_MATCH = YES;
				"CODE_SIGN_IDENTITY[sdk=iphoneos*]" = "iPhone Developer";
				COPY_PHASE_STRIP = NO;
				CURRENT_PROJECT_VERSION = 1;
				DEBUG_INFORMATION_FORMAT = dwarf;
				ENABLE_STRICT_OBJC_MSGSEND = YES;
				ENABLE_TESTABILITY = YES;
				GCC_C_LANGUAGE_STANDARD = gnu99;
				GCC_DYNAMIC_NO_PIC = NO;
				GCC_NO_COMMON_BLOCKS = YES;
				GCC_OPTIMIZATION_LEVEL = 0;
				GCC_PREPROCESSOR_DEFINITIONS = (
					"DEBUG=1",
					"$(inherited)",
				);
				GCC_WARN_64_TO_32_BIT_CONVERSION = YES;
				GCC_WARN_ABOUT_RETURN_TYPE = YES_ERROR;
				GCC_WARN_UNDECLARED_SELECTOR = YES;
				GCC_WARN_UNINITIALIZED_AUTOS = YES_AGGRESSIVE;
				GCC_WARN_UNUSED_FUNCTION = YES;
				GCC_WARN_UNUSED_VARIABLE = YES;
				IPHONEOS_DEPLOYMENT_TARGET = 9.2;
				MTL_ENABLE_DEBUG_INFO = YES;
				ONLY_ACTIVE_ARCH = YES;
				SDKROOT = iphoneos;
				SWIFT_OPTIMIZATION_LEVEL = "-Onone";
				TARGETED_DEVICE_FAMILY = "1,2";
				VERSIONING_SYSTEM = "apple-generic";
				VERSION_INFO_PREFIX = "";
			};
			name = Debug;
		};
		C733B6201C58BD2500B7DC04 /* Release */ = {
			isa = XCBuildConfiguration;
			buildSettings = {
				ALWAYS_SEARCH_USER_PATHS = NO;
				CLANG_CXX_LANGUAGE_STANDARD = "gnu++0x";
				CLANG_CXX_LIBRARY = "libc++";
				CLANG_ENABLE_MODULES = YES;
				CLANG_ENABLE_OBJC_ARC = YES;
				CLANG_WARN_BOOL_CONVERSION = YES;
				CLANG_WARN_CONSTANT_CONVERSION = YES;
				CLANG_WARN_DIRECT_OBJC_ISA_USAGE = YES_ERROR;
				CLANG_WARN_EMPTY_BODY = YES;
				CLANG_WARN_ENUM_CONVERSION = YES;
				CLANG_WARN_INT_CONVERSION = YES;
				CLANG_WARN_OBJC_ROOT_CLASS = YES_ERROR;
				CLANG_WARN_UNREACHABLE_CODE = YES;
				CLANG_WARN__DUPLICATE_METHOD_MATCH = YES;
				"CODE_SIGN_IDENTITY[sdk=iphoneos*]" = "iPhone Developer";
				COPY_PHASE_STRIP = NO;
				CURRENT_PROJECT_VERSION = 1;
				DEBUG_INFORMATION_FORMAT = "dwarf-with-dsym";
				ENABLE_NS_ASSERTIONS = NO;
				ENABLE_STRICT_OBJC_MSGSEND = YES;
				GCC_C_LANGUAGE_STANDARD = gnu99;
				GCC_NO_COMMON_BLOCKS = YES;
				GCC_WARN_64_TO_32_BIT_CONVERSION = YES;
				GCC_WARN_ABOUT_RETURN_TYPE = YES_ERROR;
				GCC_WARN_UNDECLARED_SELECTOR = YES;
				GCC_WARN_UNINITIALIZED_AUTOS = YES_AGGRESSIVE;
				GCC_WARN_UNUSED_FUNCTION = YES;
				GCC_WARN_UNUSED_VARIABLE = YES;
				IPHONEOS_DEPLOYMENT_TARGET = 9.2;
				MTL_ENABLE_DEBUG_INFO = NO;
				SDKROOT = iphoneos;
				TARGETED_DEVICE_FAMILY = "1,2";
				VALIDATE_PRODUCT = YES;
				VERSIONING_SYSTEM = "apple-generic";
				VERSION_INFO_PREFIX = "";
			};
			name = Release;
		};
		C733B6221C58BD2500B7DC04 /* Debug */ = {
			isa = XCBuildConfiguration;
			buildSettings = {
				CODE_SIGN_IDENTITY = "iPhone Developer";
				DEFINES_MODULE = YES;
				DYLIB_COMPATIBILITY_VERSION = 1;
				DYLIB_CURRENT_VERSION = 1;
				DYLIB_INSTALL_NAME_BASE = "@rpath";
				INFOPLIST_FILE = NumSwift/Info.plist;
				INSTALL_PATH = "$(LOCAL_LIBRARY_DIR)/Frameworks";
				LD_RUNPATH_SEARCH_PATHS = "$(inherited) @executable_path/Frameworks @loader_path/Frameworks";
				PRODUCT_BUNDLE_IDENTIFIER = co.spe3d.NumSwift;
				PRODUCT_NAME = "$(TARGET_NAME)";
				SKIP_INSTALL = YES;
			};
			name = Debug;
		};
		C733B6231C58BD2500B7DC04 /* Release */ = {
			isa = XCBuildConfiguration;
			buildSettings = {
				CODE_SIGN_IDENTITY = "iPhone Developer";
				DEFINES_MODULE = YES;
				DYLIB_COMPATIBILITY_VERSION = 1;
				DYLIB_CURRENT_VERSION = 1;
				DYLIB_INSTALL_NAME_BASE = "@rpath";
				INFOPLIST_FILE = NumSwift/Info.plist;
				INSTALL_PATH = "$(LOCAL_LIBRARY_DIR)/Frameworks";
				LD_RUNPATH_SEARCH_PATHS = "$(inherited) @executable_path/Frameworks @loader_path/Frameworks";
				PRODUCT_BUNDLE_IDENTIFIER = co.spe3d.NumSwift;
				PRODUCT_NAME = "$(TARGET_NAME)";
				SKIP_INSTALL = YES;
			};
			name = Release;
		};
		C7B04C871CAD3F090072823F /* Debug */ = {
			isa = XCBuildConfiguration;
			buildSettings = {
				CLANG_ANALYZER_NONNULL = YES;
				INFOPLIST_FILE = iOSNumSwiftTests/Info.plist;
				IPHONEOS_DEPLOYMENT_TARGET = 9.3;
				LD_RUNPATH_SEARCH_PATHS = "$(inherited) @executable_path/Frameworks @loader_path/Frameworks";
				PRODUCT_BUNDLE_IDENTIFIER = com.dboyliao.iOSNumSwiftTests;
				PRODUCT_NAME = "$(TARGET_NAME)";
			};
			name = Debug;
		};
		C7B04C881CAD3F090072823F /* Release */ = {
			isa = XCBuildConfiguration;
			buildSettings = {
				CLANG_ANALYZER_NONNULL = YES;
				INFOPLIST_FILE = iOSNumSwiftTests/Info.plist;
				IPHONEOS_DEPLOYMENT_TARGET = 9.3;
				LD_RUNPATH_SEARCH_PATHS = "$(inherited) @executable_path/Frameworks @loader_path/Frameworks";
				PRODUCT_BUNDLE_IDENTIFIER = com.dboyliao.iOSNumSwiftTests;
				PRODUCT_NAME = "$(TARGET_NAME)";
			};
			name = Release;
		};
/* End XCBuildConfiguration section */

/* Begin XCConfigurationList section */
		C733B6131C58BD2500B7DC04 /* Build configuration list for PBXProject "NumSwift" */ = {
			isa = XCConfigurationList;
			buildConfigurations = (
				C733B61F1C58BD2500B7DC04 /* Debug */,
				C733B6201C58BD2500B7DC04 /* Release */,
			);
			defaultConfigurationIsVisible = 0;
			defaultConfigurationName = Release;
		};
		C733B6211C58BD2500B7DC04 /* Build configuration list for PBXNativeTarget "NumSwift" */ = {
			isa = XCConfigurationList;
			buildConfigurations = (
				C733B6221C58BD2500B7DC04 /* Debug */,
				C733B6231C58BD2500B7DC04 /* Release */,
			);
			defaultConfigurationIsVisible = 0;
			defaultConfigurationName = Release;
		};
		C7B04C861CAD3F090072823F /* Build configuration list for PBXNativeTarget "iOSNumSwiftTests" */ = {
			isa = XCConfigurationList;
			buildConfigurations = (
				C7B04C871CAD3F090072823F /* Debug */,
				C7B04C881CAD3F090072823F /* Release */,
			);
			defaultConfigurationIsVisible = 0;
			defaultConfigurationName = Release;
		};
/* End XCConfigurationList section */
	};
	rootObject = C733B6101C58BD2500B7DC04 /* Project object */;
}
